{
  "name": "code-mentor",
  "lockfileVersion": 3,
  "requires": true,
  "packages": {
    "": {
      "dependencies": {
        "jotai": "^2.9.2"
      }
    },
    "node_modules/jotai": {
      "version": "2.9.2",
      "resolved": "https://registry.npmjs.org/jotai/-/jotai-2.9.2.tgz",
      "integrity": "sha512-jIBXEadOHCziOuMY6HAy2KQcHipGhnsbF+twqh8Lcmcz/Yei0gdBtW5mOYdKmbQxGqkvfvXM3w/oHtJ2WNGSFg==",
      "license": "MIT",
      "engines": {
        "node": ">=12.20.0"
      },
      "peerDependencies": {
        "@types/react": ">=17.0.0",
        "react": ">=17.0.0"
      },
      "peerDependenciesMeta": {
        "@types/react": {
          "optional": true
        },
        "react": {
          "optional": true
        }
      }
    }
  }
}
